
Microsoft Visual Studio Solution File, Format Version 12.00
# Visual Studio Version 16
VisualStudioVersion = 16.0.31911.196
MinimumVisualStudioVersion = 10.0.40219.1
Project("{FAE04EC0-301F-11D3-BF4B-00C04F79EFBC}") = "UnlimitedScriptLength", "UnlimitedScriptLength\UnlimitedScriptLength.csproj", "{4677D803-CF93-4040-9AA2-7AB8A1050CF3}"
EndProject
Global
	GlobalSection(SolutionConfigurationPlatforms) = preSolution
		Debug|Any CPU = Debug|Any CPU
		Release|Any CPU = Release|Any CPU
	EndGlobalSection
	GlobalSection(ProjectConfigurationPlatforms) = postSolution
		{4677D803-CF93-4040-9AA2-7AB8A1050CF3}.Debug|Any CPU.ActiveCfg = Debug|Any CPU
		{4677D803-CF93-4040-9AA2-7AB8A1050CF3}.Debug|Any CPU.Build.0 = Debug|Any CPU
		{4677D803-CF93-4040-9AA2-7AB8A1050CF3}.Release|Any CPU.ActiveCfg = Release|Any CPU
		{4677D803-CF93-4040-9AA2-7AB8A1050CF3}.Release|Any CPU.Build.0 = Release|Any CPU
	EndGlobalSection
	GlobalSection(SolutionProperties) = preSolution
		HideSolutionNode = FALSE
	EndGlobalSection
	GlobalSection(ExtensibilityGlobals) = postSolution
		SolutionGuid = {1A33BA01-AD00-4DE9-BD26-C5FCDB30F0F9}
	EndGlobalSection
EndGlobal
